
Microsoft Visual Studio Solution File, Format Version 12.00
# Visual Studio Version 16
VisualStudioVersion = 16.0.30225.117
MinimumVisualStudioVersion = 10.0.40219.1
Project("{9A19103F-16F7-4668-BE54-9A1E7A4F7556}") = "ConsoleApp", "ConsoleApp\ConsoleApp.csproj", "{3F549C3F-7A4D-40BD-8DA0-E020B7418F8E}"
EndProject
Project("{9A19103F-16F7-4668-BE54-9A1E7A4F7556}") = "ClassLibrary", "ClassLibrary\ClassLibrary.csproj", "{FE6E439E-AB9A-4955-ADFF-877242C0734F}"
EndProject
Global
	GlobalSection(SolutionConfigurationPlatforms) = preSolution
		Debug|Any CPU = Debug|Any CPU
		Release|Any CPU = Release|Any CPU
	EndGlobalSection
	GlobalSection(ProjectConfigurationPlatforms) = postSolution
		{3F549C3F-7A4D-40BD-8DA0-E020B7418F8E}.Debug|Any CPU.ActiveCfg = Debug|Any CPU
		{3F549C3F-7A4D-40BD-8DA0-E020B7418F8E}.Debug|Any CPU.Build.0 = Debug|Any CPU
		{3F549C3F-7A4D-40BD-8DA0-E020B7418F8E}.Release|Any CPU.ActiveCfg = Release|Any CPU
		{3F549C3F-7A4D-40BD-8DA0-E020B7418F8E}.Release|Any CPU.Build.0 = Release|Any CPU
		{FE6E439E-AB9A-4955-ADFF-877242C0734F}.Debug|Any CPU.ActiveCfg = Debug|Any CPU
		{FE6E439E-AB9A-4955-ADFF-877242C0734F}.Debug|Any CPU.Build.0 = Debug|Any CPU
		{FE6E439E-AB9A-4955-ADFF-877242C0734F}.Release|Any CPU.ActiveCfg = Release|Any CPU
		{FE6E439E-AB9A-4955-ADFF-877242C0734F}.Release|Any CPU.Build.0 = Release|Any CPU
	EndGlobalSection
	GlobalSection(SolutionProperties) = preSolution
		HideSolutionNode = FALSE
	EndGlobalSection
	GlobalSection(ExtensibilityGlobals) = postSolution
		SolutionGuid = {6CDFE7F5-142E-4F8D-8BBA-5A2BCCB57856}
	EndGlobalSection
EndGlobal
